
Microsoft Visual Studio Solution File, Format Version 12.00
# Visual Studio Version 16
VisualStudioVersion = 16.0.31424.327
MinimumVisualStudioVersion = 10.0.40219.1
Project("{FAE04EC0-301F-11D3-BF4B-00C04F79EFBC}") = "Monar", "Monar\Monar.csproj", "{283CEA2A-D55F-4178-B964-CF50E24F0327}"
EndProject
Global
	GlobalSection(SolutionConfigurationPlatforms) = preSolution
		Debug|Any CPU = Debug|Any CPU
		Release|Any CPU = Release|Any CPU
	EndGlobalSection
	GlobalSection(ProjectConfigurationPlatforms) = postSolution
		{283CEA2A-D55F-4178-B964-CF50E24F0327}.Debug|Any CPU.ActiveCfg = Debug|Any CPU
		{283CEA2A-D55F-4178-B964-CF50E24F0327}.Debug|Any CPU.Build.0 = Debug|Any CPU
		{283CEA2A-D55F-4178-B964-CF50E24F0327}.Release|Any CPU.ActiveCfg = Release|Any CPU
		{283CEA2A-D55F-4178-B964-CF50E24F0327}.Release|Any CPU.Build.0 = Release|Any CPU
	EndGlobalSection
	GlobalSection(SolutionProperties) = preSolution
		HideSolutionNode = FALSE
	EndGlobalSection
	GlobalSection(ExtensibilityGlobals) = postSolution
		SolutionGuid = {49CC31AD-B8F1-410F-A058-59D4DB5B0B1D}
	EndGlobalSection
EndGlobal
